
Microsoft Visual Studio Solution File, Format Version 12.00
# Visual Studio Version 17
VisualStudioVersion = 17.8.34330.188
MinimumVisualStudioVersion = 10.0.40219.1
Project("{FAE04EC0-301F-11D3-BF4B-00C04F79EFBC}") = "Algoritmo_dijkmistri", "Algoritmo_dijkmistri\Algoritmo_dijkmistri.csproj", "{EB26070A-611C-49CF-ACD0-BA94062FA252}"
EndProject
Global
	GlobalSection(SolutionConfigurationPlatforms) = preSolution
		Debug|Any CPU = Debug|Any CPU
		Release|Any CPU = Release|Any CPU
	EndGlobalSection
	GlobalSection(ProjectConfigurationPlatforms) = postSolution
		{EB26070A-611C-49CF-ACD0-BA94062FA252}.Debug|Any CPU.ActiveCfg = Debug|Any CPU
		{EB26070A-611C-49CF-ACD0-BA94062FA252}.Debug|Any CPU.Build.0 = Debug|Any CPU
		{EB26070A-611C-49CF-ACD0-BA94062FA252}.Release|Any CPU.ActiveCfg = Release|Any CPU
		{EB26070A-611C-49CF-ACD0-BA94062FA252}.Release|Any CPU.Build.0 = Release|Any CPU
	EndGlobalSection
	GlobalSection(SolutionProperties) = preSolution
		HideSolutionNode = FALSE
	EndGlobalSection
	GlobalSection(ExtensibilityGlobals) = postSolution
		SolutionGuid = {C80329B8-16F3-4CD6-9872-B4BC9A9081CE}
	EndGlobalSection
EndGlobal
